// !$*UTF8*$!
{
	archiveVersion = 1;
	classes = {
	};
	objectVersion = 77;
	objects = {

/* Begin PBXBuildFile section */
		4423906D661029CE7906CE73 /* ContentView.swift in Sources */ = {isa = PBXBuildFile; fileRef = D0BBBB9AEC9A390C652FF8EF /* ContentView.swift */; };
		A1461790F06BD85FFE91C037 /* PuntoDeOroApp.swift in Sources */ = {isa = PBXBuildFile; fileRef = B79F92C18BA1F001CA6533C8 /* PuntoDeOroApp.swift */; };
		F3B346A30DD98132AC97EDB8 /* AppBundleTests.swift in Sources */ = {isa = PBXBuildFile; fileRef = 1451561CA9CDA25FF88AC5F3 /* AppBundleTests.swift */; };
/* End PBXBuildFile section */

/* Begin PBXContainerItemProxy section */
		CFAC5EEFCF34F3B5D5A227BF /* PBXContainerItemProxy */ = {
			isa = PBXContainerItemProxy;
			containerPortal = BCBE297E7131BFA010443F0E /* Project object */;
			proxyType = 1;
			remoteGlobalIDString = 113E18CAC56EB5F2D082DBE1;
			remoteInfo = PuntoDeOro;
		};
/* End PBXContainerItemProxy section */

/* Begin PBXFileReference section */
		1451561CA9CDA25FF88AC5F3 /* AppBundleTests.swift */ = {isa = PBXFileReference; lastKnownFileType = sourcecode.swift; path = AppBundleTests.swift; sourceTree = "<group>"; };
		272BC41A9E13527403A0F030 /* PuntoDeOro.app */ = {isa = PBXFileReference; explicitFileType = wrapper.application; includeInIndex = 0; path = PuntoDeOro.app; sourceTree = BUILT_PRODUCTS_DIR; };
		B79F92C18BA1F001CA6533C8 /* PuntoDeOroApp.swift */ = {isa = PBXFileReference; lastKnownFileType = sourcecode.swift; path = PuntoDeOroApp.swift; sourceTree = "<group>"; };
		C57C4C03835F984BC7AA6B42 /* PuntoDeOroTests.xctest */ = {isa = PBXFileReference; explicitFileType = wrapper.cfbundle; includeInIndex = 0; path = PuntoDeOroTests.xctest; sourceTree = BUILT_PRODUCTS_DIR; };
		D0BBBB9AEC9A390C652FF8EF /* ContentView.swift */ = {isa = PBXFileReference; lastKnownFileType = sourcecode.swift; path = ContentView.swift; sourceTree = "<group>"; };
/* End PBXFileReference section */

/* Begin PBXGroup section */
		095B3781861371EA3C63D13C /* Products */ = {
			isa = PBXGroup;
			children = (
				272BC41A9E13527403A0F030 /* PuntoDeOro.app */,
				C57C4C03835F984BC7AA6B42 /* PuntoDeOroTests.xctest */,
			);
			name = Products;
			sourceTree = "<group>";
		};
		0CBB8E1C0BF8073691F8801B /* PuntoDeOroTests */ = {
			isa = PBXGroup;
			children = (
				1451561CA9CDA25FF88AC5F3 /* AppBundleTests.swift */,
			);
			path = PuntoDeOroTests;
			sourceTree = "<group>";
		};
		CA1F31394513A753031BBA21 /* PuntoDeOro */ = {
			isa = PBXGroup;
			children = (
				D0BBBB9AEC9A390C652FF8EF /* ContentView.swift */,
				B79F92C18BA1F001CA6533C8 /* PuntoDeOroApp.swift */,
			);
			path = PuntoDeOro;
			sourceTree = "<group>";
		};
		F99B885742DEAEF2AB266A17 = {
			isa = PBXGroup;
			children = (
				CA1F31394513A753031BBA21 /* PuntoDeOro */,
				0CBB8E1C0BF8073691F8801B /* PuntoDeOroTests */,
				095B3781861371EA3C63D13C /* Products */,
			);
			sourceTree = "<group>";
		};
/* End PBXGroup section */

/* Begin PBXNativeTarget section */
		113E18CAC56EB5F2D082DBE1 /* PuntoDeOro */ = {
			isa = PBXNativeTarget;
			buildConfigurationList = D06A3A3BBCD495EF52ECF808 /* Build configuration list for PBXNativeTarget "PuntoDeOro" */;
			buildPhases = (
				CEDDD342F2173A94A0BF65E3 /* Sources */,
			);
			buildRules = (
			);
			dependencies = (
			);
			name = PuntoDeOro;
			packageProductDependencies = (
			);
			productName = PuntoDeOro;
			productReference = 272BC41A9E13527403A0F030 /* PuntoDeOro.app */;
			productType = "com.apple.product-type.application";
		};
		12487AAE266BE511E173F050 /* PuntoDeOroTests */ = {
			isa = PBXNativeTarget;
			buildConfigurationList = 5E88E9327DAAD2A3F1415D58 /* Build configuration list for PBXNativeTarget "PuntoDeOroTests" */;
			buildPhases = (
				045F53EF27C96C03BB91CA46 /* Sources */,
			);
			buildRules = (
			);
			dependencies = (
				318EDDF92FB5A3BB9D1B69CD /* PBXTargetDependency */,
			);
			name = PuntoDeOroTests;
			packageProductDependencies = (
			);
			productName = PuntoDeOroTests;
			productReference = C57C4C03835F984BC7AA6B42 /* PuntoDeOroTests.xctest */;
			productType = "com.apple.product-type.bundle.unit-test";
		};
/* End PBXNativeTarget section */

/* Begin PBXProject section */
		BCBE297E7131BFA010443F0E /* Project object */ = {
			isa = PBXProject;
			attributes = {
				BuildIndependentTargetsInParallel = YES;
				LastUpgradeCheck = 1430;
				TargetAttributes = {
					113E18CAC56EB5F2D082DBE1 = {
						DevelopmentTeam = PYTG8F6332;
						ProvisioningStyle = Automatic;
					};
					12487AAE266BE511E173F050 = {
						DevelopmentTeam = PYTG8F6332;
						ProvisioningStyle = Automatic;
					};
				};
			};
			buildConfigurationList = 748D8EBD57EFFD422E76E200 /* Build configuration list for PBXProject "PuntoDeOro" */;
			developmentRegion = en;
			hasScannedForEncodings = 0;
			knownRegions = (
				Base,
				en,
			);
			mainGroup = F99B885742DEAEF2AB266A17;
			minimizedProjectReferenceProxies = 1;
			preferredProjectObjectVersion = 77;
			productRefGroup = 095B3781861371EA3C63D13C /* Products */;
			projectDirPath = "";
			projectRoot = "";
			targets = (
				113E18CAC56EB5F2D082DBE1 /* PuntoDeOro */,
				12487AAE266BE511E173F050 /* PuntoDeOroTests */,
			);
		};
/* End PBXProject section */

/* Begin PBXSourcesBuildPhase section */
		045F53EF27C96C03BB91CA46 /* Sources */ = {
			isa = PBXSourcesBuildPhase;
			buildActionMask = 2147483647;
			files = (
				F3B346A30DD98132AC97EDB8 /* AppBundleTests.swift in Sources */,
			);
			runOnlyForDeploymentPostprocessing = 0;
		};
		CEDDD342F2173A94A0BF65E3 /* Sources */ = {
			isa = PBXSourcesBuildPhase;
			buildActionMask = 2147483647;
			files = (
				4423906D661029CE7906CE73 /* ContentView.swift in Sources */,
				A1461790F06BD85FFE91C037 /* PuntoDeOroApp.swift in Sources */,
			);
			runOnlyForDeploymentPostprocessing = 0;
		};
/* End PBXSourcesBuildPhase section */

/* Begin PBXTargetDependency section */
		318EDDF92FB5A3BB9D1B69CD /* PBXTargetDependency */ = {
			isa = PBXTargetDependency;
			target = 113E18CAC56EB5F2D082DBE1 /* PuntoDeOro */;
			targetProxy = CFAC5EEFCF34F3B5D5A227BF /* PBXContainerItemProxy */;
		};
/* End PBXTargetDependency section */

/* Begin XCBuildConfiguration section */
		6B0BE18E6E28CC0E0A28E528 /* Release */ = {
			isa = XCBuildConfiguration;
			buildSettings = {
				BUNDLE_LOADER = "$(TEST_HOST)";
				GENERATE_INFOPLIST_FILE = YES;
				LD_RUNPATH_SEARCH_PATHS = (
					"$(inherited)",
					"@executable_path/Frameworks",
					"@loader_path/Frameworks",
				);
				PRODUCT_BUNDLE_IDENTIFIER = com.robmass.PuntoDeOroTests;
				SDKROOT = watchos;
				SKIP_INSTALL = YES;
				TARGETED_DEVICE_FAMILY = 4;
				TEST_HOST = "$(BUILT_PRODUCTS_DIR)/PuntoDeOro.app/PuntoDeOro";
			};
			name = Release;
		};
		796B418E65E890257E4292B0 /* Debug */ = {
			isa = XCBuildConfiguration;
			buildSettings = {
				BUNDLE_LOADER = "$(TEST_HOST)";
				GENERATE_INFOPLIST_FILE = YES;
				LD_RUNPATH_SEARCH_PATHS = (
					"$(inherited)",
					"@executable_path/Frameworks",
					"@loader_path/Frameworks",
				);
				PRODUCT_BUNDLE_IDENTIFIER = com.robmass.PuntoDeOroTests;
				SDKROOT = watchos;
				SKIP_INSTALL = YES;
				TARGETED_DEVICE_FAMILY = 4;
				TEST_HOST = "$(BUILT_PRODUCTS_DIR)/PuntoDeOro.app/PuntoDeOro";
			};
			name = Debug;
		};
		8020495FA7581FBFE2D49C0B /* Release */ = {
			isa = XCBuildConfiguration;
			buildSettings = {
				ALWAYS_SEARCH_USER_PATHS = NO;
				CLANG_ANALYZER_NONNULL = YES;
				CLANG_ANALYZER_NUMBER_OBJECT_CONVERSION = YES_AGGRESSIVE;
				CLANG_CXX_LANGUAGE_STANDARD = "gnu++14";
				CLANG_CXX_LIBRARY = "libc++";
				CLANG_ENABLE_MODULES = YES;
				CLANG_ENABLE_OBJC_ARC = YES;
				CLANG_ENABLE_OBJC_WEAK = YES;
				CLANG_WARN_BLOCK_CAPTURE_AUTORELEASING = YES;
				CLANG_WARN_BOOL_CONVERSION = YES;
				CLANG_WARN_COMMA = YES;
				CLANG_WARN_CONSTANT_CONVERSION = YES;
				CLANG_WARN_DEPRECATED_OBJC_IMPLEMENTATIONS = YES;
				CLANG_WARN_DIRECT_OBJC_ISA_USAGE = YES_ERROR;
				CLANG_WARN_DOCUMENTATION_COMMENTS = YES;
				CLANG_WARN_EMPTY_BODY = YES;
				CLANG_WARN_ENUM_CONVERSION = YES;
				CLANG_WARN_INFINITE_RECURSION = YES;
				CLANG_WARN_INT_CONVERSION = YES;
				CLANG_WARN_NON_LITERAL_NULL_CONVERSION = YES;
				CLANG_WARN_OBJC_IMPLICIT_RETAIN_SELF = YES;
				CLANG_WARN_OBJC_LITERAL_CONVERSION = YES;
				CLANG_WARN_OBJC_ROOT_CLASS = YES_ERROR;
				CLANG_WARN_QUOTED_INCLUDE_IN_FRAMEWORK_HEADER = YES;
				CLANG_WARN_RANGE_LOOP_ANALYSIS = YES;
				CLANG_WARN_STRICT_PROTOTYPES = YES;
				CLANG_WARN_SUSPICIOUS_MOVE = YES;
				CLANG_WARN_UNGUARDED_AVAILABILITY = YES_AGGRESSIVE;
				CLANG_WARN_UNREACHABLE_CODE = YES;
				CLANG_WARN__DUPLICATE_METHOD_MATCH = YES;
				CODE_SIGN_STYLE = Automatic;
				COPY_PHASE_STRIP = NO;
				CURRENT_PROJECT_VERSION = 1;
				DEBUG_INFORMATION_FORMAT = "dwarf-with-dsym";
				DEVELOPMENT_TEAM = PYTG8F6332;
				ENABLE_NS_ASSERTIONS = NO;
				ENABLE_STRICT_OBJC_MSGSEND = YES;
				GCC_C_LANGUAGE_STANDARD = gnu11;
				GCC_NO_COMMON_BLOCKS = YES;
				GCC_WARN_64_TO_32_BIT_CONVERSION = YES;
				GCC_WARN_ABOUT_RETURN_TYPE = YES_ERROR;
				GCC_WARN_UNDECLARED_SELECTOR = YES;
				GCC_WARN_UNINITIALIZED_AUTOS = YES_AGGRESSIVE;
				GCC_WARN_UNUSED_FUNCTION = YES;
				GCC_WARN_UNUSED_VARIABLE = YES;
				MARKETING_VERSION = 0.1.0;
				MTL_ENABLE_DEBUG_INFO = NO;
				MTL_FAST_MATH = YES;
				PRODUCT_NAME = "$(TARGET_NAME)";
				SDKROOT = watchos;
				SWIFT_COMPILATION_MODE = wholemodule;
				SWIFT_OPTIMIZATION_LEVEL = "-O";
				SWIFT_VERSION = 6.0;
				WATCHOS_DEPLOYMENT_TARGET = 26.0;
			};
			name = Release;
		};
		8970D87E09CE98C0A0E5B9FD /* Release */ = {
			isa = XCBuildConfiguration;
			buildSettings = {
				ASSETCATALOG_COMPILER_APPICON_NAME = AppIcon;
				GENERATE_INFOPLIST_FILE = YES;
				INFOPLIST_KEY_CFBundleDisplayName = "Punto de Oro";
				INFOPLIST_KEY_WKApplication = YES;
				INFOPLIST_KEY_WKWatchOnly = YES;
				PRODUCT_BUNDLE_IDENTIFIER = com.robmass.PuntoDeOro;
				SDKROOT = watchos;
				SKIP_INSTALL = YES;
				TARGETED_DEVICE_FAMILY = 4;
			};
			name = Release;
		};
		93C54D2D633D2146D856C16A /* Debug */ = {
			isa = XCBuildConfiguration;
			buildSettings = {
				ALWAYS_SEARCH_USER_PATHS = NO;
				CLANG_ANALYZER_NONNULL = YES;
				CLANG_ANALYZER_NUMBER_OBJECT_CONVERSION = YES_AGGRESSIVE;
				CLANG_CXX_LANGUAGE_STANDARD = "gnu++14";
				CLANG_CXX_LIBRARY = "libc++";
				CLANG_ENABLE_MODULES = YES;
				CLANG_ENABLE_OBJC_ARC = YES;
				CLANG_ENABLE_OBJC_WEAK = YES;
				CLANG_WARN_BLOCK_CAPTURE_AUTORELEASING = YES;
				CLANG_WARN_BOOL_CONVERSION = YES;
				CLANG_WARN_COMMA = YES;
				CLANG_WARN_CONSTANT_CONVERSION = YES;
				CLANG_WARN_DEPRECATED_OBJC_IMPLEMENTATIONS = YES;
				CLANG_WARN_DIRECT_OBJC_ISA_USAGE = YES_ERROR;
				CLANG_WARN_DOCUMENTATION_COMMENTS = YES;
				CLANG_WARN_EMPTY_BODY = YES;
				CLANG_WARN_ENUM_CONVERSION = YES;
				CLANG_WARN_INFINITE_RECURSION = YES;
				CLANG_WARN_INT_CONVERSION = YES;
				CLANG_WARN_NON_LITERAL_NULL_CONVERSION = YES;
				CLANG_WARN_OBJC_IMPLICIT_RETAIN_SELF = YES;
				CLANG_WARN_OBJC_LITERAL_CONVERSION = YES;
				CLANG_WARN_OBJC_ROOT_CLASS = YES_ERROR;
				CLANG_WARN_QUOTED_INCLUDE_IN_FRAMEWORK_HEADER = YES;
				CLANG_WARN_RANGE_LOOP_ANALYSIS = YES;
				CLANG_WARN_STRICT_PROTOTYPES = YES;
				CLANG_WARN_SUSPICIOUS_MOVE = YES;
				CLANG_WARN_UNGUARDED_AVAILABILITY = YES_AGGRESSIVE;
				CLANG_WARN_UNREACHABLE_CODE = YES;
				CLANG_WARN__DUPLICATE_METHOD_MATCH = YES;
				CODE_SIGN_STYLE = Automatic;
				COPY_PHASE_STRIP = NO;
				CURRENT_PROJECT_VERSION = 1;
				DEBUG_INFORMATION_FORMAT = dwarf;
				DEVELOPMENT_TEAM = PYTG8F6332;
				ENABLE_STRICT_OBJC_MSGSEND = YES;
				ENABLE_TESTABILITY = YES;
				GCC_C_LANGUAGE_STANDARD = gnu11;
				GCC_DYNAMIC_NO_PIC = NO;
				GCC_NO_COMMON_BLOCKS = YES;
				GCC_OPTIMIZATION_LEVEL = 0;
				GCC_PREPROCESSOR_DEFINITIONS = (
					"$(inherited)",
					"DEBUG=1",
				);
				GCC_WARN_64_TO_32_BIT_CONVERSION = YES;
				GCC_WARN_ABOUT_RETURN_TYPE = YES_ERROR;
				GCC_WARN_UNDECLARED_SELECTOR = YES;
				GCC_WARN_UNINITIALIZED_AUTOS = YES_AGGRESSIVE;
				GCC_WARN_UNUSED_FUNCTION = YES;
				GCC_WARN_UNUSED_VARIABLE = YES;
				MARKETING_VERSION = 0.1.0;
				MTL_ENABLE_DEBUG_INFO = INCLUDE_SOURCE;
				MTL_FAST_MATH = YES;
				ONLY_ACTIVE_ARCH = YES;
				PRODUCT_NAME = "$(TARGET_NAME)";
				SDKROOT = watchos;
				SWIFT_ACTIVE_COMPILATION_CONDITIONS = DEBUG;
				SWIFT_OPTIMIZATION_LEVEL = "-Onone";
				SWIFT_VERSION = 6.0;
				WATCHOS_DEPLOYMENT_TARGET = 26.0;
			};
			name = Debug;
		};
		9E48A9B24375503DC6919009 /* Debug */ = {
			isa = XCBuildConfiguration;
			buildSettings = {
				ASSETCATALOG_COMPILER_APPICON_NAME = AppIcon;
				GENERATE_INFOPLIST_FILE = YES;
				INFOPLIST_KEY_CFBundleDisplayName = "Punto de Oro";
				INFOPLIST_KEY_WKApplication = YES;
				INFOPLIST_KEY_WKWatchOnly = YES;
				PRODUCT_BUNDLE_IDENTIFIER = com.robmass.PuntoDeOro;
				SDKROOT = watchos;
				SKIP_INSTALL = YES;
				TARGETED_DEVICE_FAMILY = 4;
			};
			name = Debug;
		};
/* End XCBuildConfiguration section */

/* Begin XCConfigurationList section */
		5E88E9327DAAD2A3F1415D58 /* Build configuration list for PBXNativeTarget "PuntoDeOroTests" */ = {
			isa = XCConfigurationList;
			buildConfigurations = (
				796B418E65E890257E4292B0 /* Debug */,
				6B0BE18E6E28CC0E0A28E528 /* Release */,
			);
			defaultConfigurationIsVisible = 0;
			defaultConfigurationName = Debug;
		};
		748D8EBD57EFFD422E76E200 /* Build configuration list for PBXProject "PuntoDeOro" */ = {
			isa = XCConfigurationList;
			buildConfigurations = (
				93C54D2D633D2146D856C16A /* Debug */,
				8020495FA7581FBFE2D49C0B /* Release */,
			);
			defaultConfigurationIsVisible = 0;
			defaultConfigurationName = Debug;
		};
		D06A3A3BBCD495EF52ECF808 /* Build configuration list for PBXNativeTarget "PuntoDeOro" */ = {
			isa = XCConfigurationList;
			buildConfigurations = (
				9E48A9B24375503DC6919009 /* Debug */,
				8970D87E09CE98C0A0E5B9FD /* Release */,
			);
			defaultConfigurationIsVisible = 0;
			defaultConfigurationName = Debug;
		};
/* End XCConfigurationList section */
	};
	rootObject = BCBE297E7131BFA010443F0E /* Project object */;
}
